
Microsoft Visual Studio Solution File, Format Version 12.00
# Visual Studio Version 16
VisualStudioVersion = 16.0.32630.194
MinimumVisualStudioVersion = 10.0.40219.1
Project("{FAE04EC0-301F-11D3-BF4B-00C04F79EFBC}") = "CRUDUsingEF", "CRUDUsingEF\CRUDUsingEF.csproj", "{43ED2402-4729-4DB2-8987-C425A22DA4B4}"
EndProject
Global
	GlobalSection(SolutionConfigurationPlatforms) = preSolution
		Debug|Any CPU = Debug|Any CPU
		Release|Any CPU = Release|Any CPU
	EndGlobalSection
	GlobalSection(ProjectConfigurationPlatforms) = postSolution
		{43ED2402-4729-4DB2-8987-C425A22DA4B4}.Debug|Any CPU.ActiveCfg = Debug|Any CPU
		{43ED2402-4729-4DB2-8987-C425A22DA4B4}.Debug|Any CPU.Build.0 = Debug|Any CPU
		{43ED2402-4729-4DB2-8987-C425A22DA4B4}.Release|Any CPU.ActiveCfg = Release|Any CPU
		{43ED2402-4729-4DB2-8987-C425A22DA4B4}.Release|Any CPU.Build.0 = Release|Any CPU
	EndGlobalSection
	GlobalSection(SolutionProperties) = preSolution
		HideSolutionNode = FALSE
	EndGlobalSection
	GlobalSection(ExtensibilityGlobals) = postSolution
		SolutionGuid = {29C555CA-B5ED-4F1C-A03D-86A884DC7023}
	EndGlobalSection
EndGlobal
